// !$*UTF8*$!
{
	archiveVersion = 1;
	classes = {
	};
	objectVersion = 46;
	objects = {

/* Begin PBXBuildFile section */
		CC4879591C89BFA40001EB25 /* AppDelegate.swift in Sources */ = {isa = PBXBuildFile; fileRef = CC4879581C89BFA40001EB25 /* AppDelegate.swift */; };
		CC48795B1C89BFA40001EB25 /* MasterViewController.swift in Sources */ = {isa = PBXBuildFile; fileRef = CC48795A1C89BFA40001EB25 /* MasterViewController.swift */; };
		CC48795D1C89BFA40001EB25 /* DetailViewController.swift in Sources */ = {isa = PBXBuildFile; fileRef = CC48795C1C89BFA40001EB25 /* DetailViewController.swift */; };
		CC4879601C89BFA40001EB25 /* Main.storyboard in Resources */ = {isa = PBXBuildFile; fileRef = CC48795E1C89BFA40001EB25 /* Main.storyboard */; };
		CC4879621C89BFA40001EB25 /* Assets.xcassets in Resources */ = {isa = PBXBuildFile; fileRef = CC4879611C89BFA40001EB25 /* Assets.xcassets */; };
		CC4879651C89BFA40001EB25 /* LaunchScreen.storyboard in Resources */ = {isa = PBXBuildFile; fileRef = CC4879631C89BFA40001EB25 /* LaunchScreen.storyboard */; };
		CC48796D1C89D20F0001EB25 /* TodoCell.swift in Sources */ = {isa = PBXBuildFile; fileRef = CC48796C1C89D20F0001EB25 /* TodoCell.swift */; };
		CC48796F1C89F1540001EB25 /* DataClasses.swift in Sources */ = {isa = PBXBuildFile; fileRef = CC48796E1C89F1540001EB25 /* DataClasses.swift */; };
		CC4879711C8DA2AE0001EB25 /* README.md in Sources */ = {isa = PBXBuildFile; fileRef = CC4879701C8DA2AE0001EB25 /* README.md */; };
		CC48798C1C8DA40E0001EB25 /* IQNSArray+Sort.swift in Sources */ = {isa = PBXBuildFile; fileRef = CC4879781C8DA40E0001EB25 /* IQNSArray+Sort.swift */; };
		CC48798D1C8DA40E0001EB25 /* IQUIScrollView+Additions.swift in Sources */ = {isa = PBXBuildFile; fileRef = CC4879791C8DA40E0001EB25 /* IQUIScrollView+Additions.swift */; };
		CC48798E1C8DA40E0001EB25 /* IQUITextFieldView+Additions.swift in Sources */ = {isa = PBXBuildFile; fileRef = CC48797A1C8DA40E0001EB25 /* IQUITextFieldView+Additions.swift */; };
		CC48798F1C8DA40E0001EB25 /* IQUIView+Hierarchy.swift in Sources */ = {isa = PBXBuildFile; fileRef = CC48797B1C8DA40E0001EB25 /* IQUIView+Hierarchy.swift */; };
		CC4879901C8DA40E0001EB25 /* IQUIViewController+Additions.swift in Sources */ = {isa = PBXBuildFile; fileRef = CC48797C1C8DA40E0001EB25 /* IQUIViewController+Additions.swift */; };
		CC4879911C8DA40E0001EB25 /* IQUIWindow+Hierarchy.swift in Sources */ = {isa = PBXBuildFile; fileRef = CC48797D1C8DA40E0001EB25 /* IQUIWindow+Hierarchy.swift */; };
		CC4879921C8DA40E0001EB25 /* IQKeyboardManagerConstants.swift in Sources */ = {isa = PBXBuildFile; fileRef = CC48797F1C8DA40E0001EB25 /* IQKeyboardManagerConstants.swift */; };
		CC4879931C8DA40E0001EB25 /* IQKeyboardManagerConstantsInternal.swift in Sources */ = {isa = PBXBuildFile; fileRef = CC4879801C8DA40E0001EB25 /* IQKeyboardManagerConstantsInternal.swift */; };
		CC4879941C8DA40E0001EB25 /* IQKeyboardManager.swift in Sources */ = {isa = PBXBuildFile; fileRef = CC4879811C8DA40E0001EB25 /* IQKeyboardManager.swift */; };
		CC4879951C8DA40E0001EB25 /* IQKeyboardReturnKeyHandler.swift in Sources */ = {isa = PBXBuildFile; fileRef = CC4879821C8DA40E0001EB25 /* IQKeyboardReturnKeyHandler.swift */; };
		CC4879961C8DA40E0001EB25 /* IQTextView.swift in Sources */ = {isa = PBXBuildFile; fileRef = CC4879841C8DA40E0001EB25 /* IQTextView.swift */; };
		CC4879971C8DA40E0001EB25 /* IQBarButtonItem.swift in Sources */ = {isa = PBXBuildFile; fileRef = CC4879861C8DA40E0001EB25 /* IQBarButtonItem.swift */; };
		CC4879981C8DA40E0001EB25 /* IQTitleBarButtonItem.swift in Sources */ = {isa = PBXBuildFile; fileRef = CC4879871C8DA40E0001EB25 /* IQTitleBarButtonItem.swift */; };
		CC4879991C8DA40E0001EB25 /* IQToolbar.swift in Sources */ = {isa = PBXBuildFile; fileRef = CC4879881C8DA40E0001EB25 /* IQToolbar.swift */; };
		CC48799A1C8DA40E0001EB25 /* IQUIView+IQKeyboardToolbar.swift in Sources */ = {isa = PBXBuildFile; fileRef = CC4879891C8DA40E0001EB25 /* IQUIView+IQKeyboardToolbar.swift */; };
		CC48799B1C8DA40E0001EB25 /* IQKeyboardManager.bundle in Resources */ = {isa = PBXBuildFile; fileRef = CC48798B1C8DA40E0001EB25 /* IQKeyboardManager.bundle */; };
/* End PBXBuildFile section */

/* Begin PBXFileReference section */
		CC4879551C89BFA40001EB25 /* week5.app */ = {isa = PBXFileReference; explicitFileType = wrapper.application; includeInIndex = 0; path = week5.app; sourceTree = BUILT_PRODUCTS_DIR; };
		CC4879581C89BFA40001EB25 /* AppDelegate.swift */ = {isa = PBXFileReference; lastKnownFileType = sourcecode.swift; path = AppDelegate.swift; sourceTree = "<group>"; };
		CC48795A1C89BFA40001EB25 /* MasterViewController.swift */ = {isa = PBXFileReference; lastKnownFileType = sourcecode.swift; path = MasterViewController.swift; sourceTree = "<group>"; };
		CC48795C1C89BFA40001EB25 /* DetailViewController.swift */ = {isa = PBXFileReference; lastKnownFileType = sourcecode.swift; path = DetailViewController.swift; sourceTree = "<group>"; };
		CC48795F1C89BFA40001EB25 /* Base */ = {isa = PBXFileReference; lastKnownFileType = file.storyboard; name = Base; path = Base.lproj/Main.storyboard; sourceTree = "<group>"; };
		CC4879611C89BFA40001EB25 /* Assets.xcassets */ = {isa = PBXFileReference; lastKnownFileType = folder.assetcatalog; path = Assets.xcassets; sourceTree = "<group>"; };
		CC4879641C89BFA40001EB25 /* Base */ = {isa = PBXFileReference; lastKnownFileType = file.storyboard; name = Base; path = Base.lproj/LaunchScreen.storyboard; sourceTree = "<group>"; };
		CC4879661C89BFA40001EB25 /* Info.plist */ = {isa = PBXFileReference; lastKnownFileType = text.plist.xml; path = Info.plist; sourceTree = "<group>"; };
		CC48796C1C89D20F0001EB25 /* TodoCell.swift */ = {isa = PBXFileReference; fileEncoding = 4; lastKnownFileType = sourcecode.swift; path = TodoCell.swift; sourceTree = "<group>"; };
		CC48796E1C89F1540001EB25 /* DataClasses.swift */ = {isa = PBXFileReference; fileEncoding = 4; lastKnownFileType = sourcecode.swift; path = DataClasses.swift; sourceTree = "<group>"; };
		CC4879701C8DA2AE0001EB25 /* README.md */ = {isa = PBXFileReference; fileEncoding = 4; lastKnownFileType = net.daringfireball.markdown; path = README.md; sourceTree = "<group>"; };
		CC4879781C8DA40E0001EB25 /* IQNSArray+Sort.swift */ = {isa = PBXFileReference; fileEncoding = 4; lastKnownFileType = sourcecode.swift; path = "IQNSArray+Sort.swift"; sourceTree = "<group>"; };
		CC4879791C8DA40E0001EB25 /* IQUIScrollView+Additions.swift */ = {isa = PBXFileReference; fileEncoding = 4; lastKnownFileType = sourcecode.swift; path = "IQUIScrollView+Additions.swift"; sourceTree = "<group>"; };
		CC48797A1C8DA40E0001EB25 /* IQUITextFieldView+Additions.swift */ = {isa = PBXFileReference; fileEncoding = 4; lastKnownFileType = sourcecode.swift; path = "IQUITextFieldView+Additions.swift"; sourceTree = "<group>"; };
		CC48797B1C8DA40E0001EB25 /* IQUIView+Hierarchy.swift */ = {isa = PBXFileReference; fileEncoding = 4; lastKnownFileType = sourcecode.swift; path = "IQUIView+Hierarchy.swift"; sourceTree = "<group>"; };
		CC48797C1C8DA40E0001EB25 /* IQUIViewController+Additions.swift */ = {isa = PBXFileReference; fileEncoding = 4; lastKnownFileType = sourcecode.swift; path = "IQUIViewController+Additions.swift"; sourceTree = "<group>"; };
		CC48797D1C8DA40E0001EB25 /* IQUIWindow+Hierarchy.swift */ = {isa = PBXFileReference; fileEncoding = 4; lastKnownFileType = sourcecode.swift; path = "IQUIWindow+Hierarchy.swift"; sourceTree = "<group>"; };
		CC48797F1C8DA40E0001EB25 /* IQKeyboardManagerConstants.swift */ = {isa = PBXFileReference; fileEncoding = 4; lastKnownFileType = sourcecode.swift; path = IQKeyboardManagerConstants.swift; sourceTree = "<group>"; };
		CC4879801C8DA40E0001EB25 /* IQKeyboardManagerConstantsInternal.swift */ = {isa = PBXFileReference; fileEncoding = 4; lastKnownFileType = sourcecode.swift; path = IQKeyboardManagerConstantsInternal.swift; sourceTree = "<group>"; };
		CC4879811C8DA40E0001EB25 /* IQKeyboardManager.swift */ = {isa = PBXFileReference; fileEncoding = 4; lastKnownFileType = sourcecode.swift; path = IQKeyboardManager.swift; sourceTree = "<group>"; };
		CC4879821C8DA40E0001EB25 /* IQKeyboardReturnKeyHandler.swift */ = {isa = PBXFileReference; fileEncoding = 4; lastKnownFileType = sourcecode.swift; path = IQKeyboardReturnKeyHandler.swift; sourceTree = "<group>"; };
		CC4879841C8DA40E0001EB25 /* IQTextView.swift */ = {isa = PBXFileReference; fileEncoding = 4; lastKnownFileType = sourcecode.swift; path = IQTextView.swift; sourceTree = "<group>"; };
		CC4879861C8DA40E0001EB25 /* IQBarButtonItem.swift */ = {isa = PBXFileReference; fileEncoding = 4; lastKnownFileType = sourcecode.swift; path = IQBarButtonItem.swift; sourceTree = "<group>"; };
		CC4879871C8DA40E0001EB25 /* IQTitleBarButtonItem.swift */ = {isa = PBXFileReference; fileEncoding = 4; lastKnownFileType = sourcecode.swift; path = IQTitleBarButtonItem.swift; sourceTree = "<group>"; };
		CC4879881C8DA40E0001EB25 /* IQToolbar.swift */ = {isa = PBXFileReference; fileEncoding = 4; lastKnownFileType = sourcecode.swift; path = IQToolbar.swift; sourceTree = "<group>"; };
		CC4879891C8DA40E0001EB25 /* IQUIView+IQKeyboardToolbar.swift */ = {isa = PBXFileReference; fileEncoding = 4; lastKnownFileType = sourcecode.swift; path = "IQUIView+IQKeyboardToolbar.swift"; sourceTree = "<group>"; };
		CC48798B1C8DA40E0001EB25 /* IQKeyboardManager.bundle */ = {isa = PBXFileReference; lastKnownFileType = "wrapper.plug-in"; path = IQKeyboardManager.bundle; sourceTree = "<group>"; };
/* End PBXFileReference section */

/* Begin PBXFrameworksBuildPhase section */
		CC4879521C89BFA40001EB25 /* Frameworks */ = {
			isa = PBXFrameworksBuildPhase;
			buildActionMask = 2147483647;
			files = (
			);
			runOnlyForDeploymentPostprocessing = 0;
		};
/* End PBXFrameworksBuildPhase section */

/* Begin PBXGroup section */
		CC48794C1C89BFA30001EB25 = {
			isa = PBXGroup;
			children = (
				CC4879571C89BFA40001EB25 /* week5 */,
				CC4879561C89BFA40001EB25 /* Products */,
				CC4879701C8DA2AE0001EB25 /* README.md */,
			);
			sourceTree = "<group>";
		};
		CC4879561C89BFA40001EB25 /* Products */ = {
			isa = PBXGroup;
			children = (
				CC4879551C89BFA40001EB25 /* week5.app */,
			);
			name = Products;
			sourceTree = "<group>";
		};
		CC4879571C89BFA40001EB25 /* week5 */ = {
			isa = PBXGroup;
			children = (
				CC4879581C89BFA40001EB25 /* AppDelegate.swift */,
				CC48795A1C89BFA40001EB25 /* MasterViewController.swift */,
				CC48795C1C89BFA40001EB25 /* DetailViewController.swift */,
				CC48796E1C89F1540001EB25 /* DataClasses.swift */,
				CC48796C1C89D20F0001EB25 /* TodoCell.swift */,
				CC48795E1C89BFA40001EB25 /* Main.storyboard */,
				CC4879611C89BFA40001EB25 /* Assets.xcassets */,
				CC4879631C89BFA40001EB25 /* LaunchScreen.storyboard */,
				CC4879661C89BFA40001EB25 /* Info.plist */,
				CC4879761C8DA40E0001EB25 /* IQKeyboardManagerSwift */,
			);
			path = week5;
			sourceTree = "<group>";
		};
		CC4879761C8DA40E0001EB25 /* IQKeyboardManagerSwift */ = {
			isa = PBXGroup;
			children = (
				CC4879771C8DA40E0001EB25 /* Categories */,
				CC48797E1C8DA40E0001EB25 /* Constants */,
				CC4879811C8DA40E0001EB25 /* IQKeyboardManager.swift */,
				CC4879821C8DA40E0001EB25 /* IQKeyboardReturnKeyHandler.swift */,
				CC4879831C8DA40E0001EB25 /* IQTextView */,
				CC4879851C8DA40E0001EB25 /* IQToolbar */,
				CC48798A1C8DA40E0001EB25 /* Resources */,
			);
			path = IQKeyboardManagerSwift;
			sourceTree = "<group>";
		};
		CC4879771C8DA40E0001EB25 /* Categories */ = {
			isa = PBXGroup;
			children = (
				CC4879781C8DA40E0001EB25 /* IQNSArray+Sort.swift */,
				CC4879791C8DA40E0001EB25 /* IQUIScrollView+Additions.swift */,
				CC48797A1C8DA40E0001EB25 /* IQUITextFieldView+Additions.swift */,
				CC48797B1C8DA40E0001EB25 /* IQUIView+Hierarchy.swift */,
				CC48797C1C8DA40E0001EB25 /* IQUIViewController+Additions.swift */,
				CC48797D1C8DA40E0001EB25 /* IQUIWindow+Hierarchy.swift */,
			);
			path = Categories;
			sourceTree = "<group>";
		};
		CC48797E1C8DA40E0001EB25 /* Constants */ = {
			isa = PBXGroup;
			children = (
				CC48797F1C8DA40E0001EB25 /* IQKeyboardManagerConstants.swift */,
				CC4879801C8DA40E0001EB25 /* IQKeyboardManagerConstantsInternal.swift */,
			);
			path = Constants;
			sourceTree = "<group>";
		};
		CC4879831C8DA40E0001EB25 /* IQTextView */ = {
			isa = PBXGroup;
			children = (
				CC4879841C8DA40E0001EB25 /* IQTextView.swift */,
			);
			path = IQTextView;
			sourceTree = "<group>";
		};
		CC4879851C8DA40E0001EB25 /* IQToolbar */ = {
			isa = PBXGroup;
			children = (
				CC4879861C8DA40E0001EB25 /* IQBarButtonItem.swift */,
				CC4879871C8DA40E0001EB25 /* IQTitleBarButtonItem.swift */,
				CC4879881C8DA40E0001EB25 /* IQToolbar.swift */,
				CC4879891C8DA40E0001EB25 /* IQUIView+IQKeyboardToolbar.swift */,
			);
			path = IQToolbar;
			sourceTree = "<group>";
		};
		CC48798A1C8DA40E0001EB25 /* Resources */ = {
			isa = PBXGroup;
			children = (
				CC48798B1C8DA40E0001EB25 /* IQKeyboardManager.bundle */,
			);
			path = Resources;
			sourceTree = "<group>";
		};
/* End PBXGroup section */

/* Begin PBXNativeTarget section */
		CC4879541C89BFA40001EB25 /* week5 */ = {
			isa = PBXNativeTarget;
			buildConfigurationList = CC4879691C89BFA40001EB25 /* Build configuration list for PBXNativeTarget "week5" */;
			buildPhases = (
				CC4879511C89BFA40001EB25 /* Sources */,
				CC4879521C89BFA40001EB25 /* Frameworks */,
				CC4879531C89BFA40001EB25 /* Resources */,
			);
			buildRules = (
			);
			dependencies = (
			);
			name = week5;
			productName = week5;
			productReference = CC4879551C89BFA40001EB25 /* week5.app */;
			productType = "com.apple.product-type.application";
		};
/* End PBXNativeTarget section */

/* Begin PBXProject section */
		CC48794D1C89BFA30001EB25 /* Project object */ = {
			isa = PBXProject;
			attributes = {
				LastSwiftUpdateCheck = 0720;
				LastUpgradeCheck = 0720;
				ORGANIZATIONNAME = bob;
				TargetAttributes = {
					CC4879541C89BFA40001EB25 = {
						CreatedOnToolsVersion = 7.2;
						DevelopmentTeam = 9B4995VYB9;
					};
				};
			};
			buildConfigurationList = CC4879501C89BFA30001EB25 /* Build configuration list for PBXProject "week5" */;
			compatibilityVersion = "Xcode 3.2";
			developmentRegion = English;
			hasScannedForEncodings = 0;
			knownRegions = (
				en,
				Base,
			);
			mainGroup = CC48794C1C89BFA30001EB25;
			productRefGroup = CC4879561C89BFA40001EB25 /* Products */;
			projectDirPath = "";
			projectRoot = "";
			targets = (
				CC4879541C89BFA40001EB25 /* week5 */,
			);
		};
/* End PBXProject section */

/* Begin PBXResourcesBuildPhase section */
		CC4879531C89BFA40001EB25 /* Resources */ = {
			isa = PBXResourcesBuildPhase;
			buildActionMask = 2147483647;
			files = (
				CC4879651C89BFA40001EB25 /* LaunchScreen.storyboard in Resources */,
				CC4879621C89BFA40001EB25 /* Assets.xcassets in Resources */,
				CC48799B1C8DA40E0001EB25 /* IQKeyboardManager.bundle in Resources */,
				CC4879601C89BFA40001EB25 /* Main.storyboard in Resources */,
			);
			runOnlyForDeploymentPostprocessing = 0;
		};
/* End PBXResourcesBuildPhase section */

/* Begin PBXSourcesBuildPhase section */
		CC4879511C89BFA40001EB25 /* Sources */ = {
			isa = PBXSourcesBuildPhase;
			buildActionMask = 2147483647;
			files = (
				CC48799A1C8DA40E0001EB25 /* IQUIView+IQKeyboardToolbar.swift in Sources */,
				CC48798C1C8DA40E0001EB25 /* IQNSArray+Sort.swift in Sources */,
				CC4879931C8DA40E0001EB25 /* IQKeyboardManagerConstantsInternal.swift in Sources */,
				CC4879961C8DA40E0001EB25 /* IQTextView.swift in Sources */,
				CC4879991C8DA40E0001EB25 /* IQToolbar.swift in Sources */,
				CC4879711C8DA2AE0001EB25 /* README.md in Sources */,
				CC4879981C8DA40E0001EB25 /* IQTitleBarButtonItem.swift in Sources */,
				CC4879921C8DA40E0001EB25 /* IQKeyboardManagerConstants.swift in Sources */,
				CC48795D1C89BFA40001EB25 /* DetailViewController.swift in Sources */,
				CC4879911C8DA40E0001EB25 /* IQUIWindow+Hierarchy.swift in Sources */,
				CC4879941C8DA40E0001EB25 /* IQKeyboardManager.swift in Sources */,
				CC4879901C8DA40E0001EB25 /* IQUIViewController+Additions.swift in Sources */,
				CC48795B1C89BFA40001EB25 /* MasterViewController.swift in Sources */,
				CC4879591C89BFA40001EB25 /* AppDelegate.swift in Sources */,
				CC4879951C8DA40E0001EB25 /* IQKeyboardReturnKeyHandler.swift in Sources */,
				CC4879971C8DA40E0001EB25 /* IQBarButtonItem.swift in Sources */,
				CC48798E1C8DA40E0001EB25 /* IQUITextFieldView+Additions.swift in Sources */,
				CC48798D1C8DA40E0001EB25 /* IQUIScrollView+Additions.swift in Sources */,
				CC48796F1C89F1540001EB25 /* DataClasses.swift in Sources */,
				CC48798F1C8DA40E0001EB25 /* IQUIView+Hierarchy.swift in Sources */,
				CC48796D1C89D20F0001EB25 /* TodoCell.swift in Sources */,
			);
			runOnlyForDeploymentPostprocessing = 0;
		};
/* End PBXSourcesBuildPhase section */

/* Begin PBXVariantGroup section */
		CC48795E1C89BFA40001EB25 /* Main.storyboard */ = {
			isa = PBXVariantGroup;
			children = (
				CC48795F1C89BFA40001EB25 /* Base */,
			);
			name = Main.storyboard;
			sourceTree = "<group>";
		};
		CC4879631C89BFA40001EB25 /* LaunchScreen.storyboard */ = {
			isa = PBXVariantGroup;
			children = (
				CC4879641C89BFA40001EB25 /* Base */,
			);
			name = LaunchScreen.storyboard;
			sourceTree = "<group>";
		};
/* End PBXVariantGroup section */

/* Begin XCBuildConfiguration section */
		CC4879671C89BFA40001EB25 /* Debug */ = {
			isa = XCBuildConfiguration;
			buildSettings = {
				ALWAYS_SEARCH_USER_PATHS = NO;
				CLANG_CXX_LANGUAGE_STANDARD = "gnu++0x";
				CLANG_CXX_LIBRARY = "libc++";
				CLANG_ENABLE_MODULES = YES;
				CLANG_ENABLE_OBJC_ARC = YES;
				CLANG_WARN_BOOL_CONVERSION = YES;
				CLANG_WARN_CONSTANT_CONVERSION = YES;
				CLANG_WARN_DIRECT_OBJC_ISA_USAGE = YES_ERROR;
				CLANG_WARN_EMPTY_BODY = YES;
				CLANG_WARN_ENUM_CONVERSION = YES;
				CLANG_WARN_INT_CONVERSION = YES;
				CLANG_WARN_OBJC_ROOT_CLASS = YES_ERROR;
				CLANG_WARN_UNREACHABLE_CODE = YES;
				CLANG_WARN__DUPLICATE_METHOD_MATCH = YES;
				"CODE_SIGN_IDENTITY[sdk=iphoneos*]" = "iPhone Developer";
				COPY_PHASE_STRIP = NO;
				DEBUG_INFORMATION_FORMAT = dwarf;
				ENABLE_STRICT_OBJC_MSGSEND = YES;
				ENABLE_TESTABILITY = YES;
				GCC_C_LANGUAGE_STANDARD = gnu99;
				GCC_DYNAMIC_NO_PIC = NO;
				GCC_NO_COMMON_BLOCKS = YES;
				GCC_OPTIMIZATION_LEVEL = 0;
				GCC_PREPROCESSOR_DEFINITIONS = (
					"DEBUG=1",
					"$(inherited)",
				);
				GCC_WARN_64_TO_32_BIT_CONVERSION = YES;
				GCC_WARN_ABOUT_RETURN_TYPE = YES_ERROR;
				GCC_WARN_UNDECLARED_SELECTOR = YES;
				GCC_WARN_UNINITIALIZED_AUTOS = YES_AGGRESSIVE;
				GCC_WARN_UNUSED_FUNCTION = YES;
				GCC_WARN_UNUSED_VARIABLE = YES;
				IPHONEOS_DEPLOYMENT_TARGET = 9.2;
				MTL_ENABLE_DEBUG_INFO = YES;
				ONLY_ACTIVE_ARCH = YES;
				SDKROOT = iphoneos;
				SWIFT_OPTIMIZATION_LEVEL = "-Onone";
				TARGETED_DEVICE_FAMILY = "1,2";
			};
			name = Debug;
		};
		CC4879681C89BFA40001EB25 /* Release */ = {
			isa = XCBuildConfiguration;
			buildSettings = {
				ALWAYS_SEARCH_USER_PATHS = NO;
				CLANG_CXX_LANGUAGE_STANDARD = "gnu++0x";
				CLANG_CXX_LIBRARY = "libc++";
				CLANG_ENABLE_MODULES = YES;
				CLANG_ENABLE_OBJC_ARC = YES;
				CLANG_WARN_BOOL_CONVERSION = YES;
				CLANG_WARN_CONSTANT_CONVERSION = YES;
				CLANG_WARN_DIRECT_OBJC_ISA_USAGE = YES_ERROR;
				CLANG_WARN_EMPTY_BODY = YES;
				CLANG_WARN_ENUM_CONVERSION = YES;
				CLANG_WARN_INT_CONVERSION = YES;
				CLANG_WARN_OBJC_ROOT_CLASS = YES_ERROR;
				CLANG_WARN_UNREACHABLE_CODE = YES;
				CLANG_WARN__DUPLICATE_METHOD_MATCH = YES;
				"CODE_SIGN_IDENTITY[sdk=iphoneos*]" = "iPhone Developer";
				COPY_PHASE_STRIP = NO;
				DEBUG_INFORMATION_FORMAT = "dwarf-with-dsym";
				ENABLE_NS_ASSERTIONS = NO;
				ENABLE_STRICT_OBJC_MSGSEND = YES;
				GCC_C_LANGUAGE_STANDARD = gnu99;
				GCC_NO_COMMON_BLOCKS = YES;
				GCC_WARN_64_TO_32_BIT_CONVERSION = YES;
				GCC_WARN_ABOUT_RETURN_TYPE = YES_ERROR;
				GCC_WARN_UNDECLARED_SELECTOR = YES;
				GCC_WARN_UNINITIALIZED_AUTOS = YES_AGGRESSIVE;
				GCC_WARN_UNUSED_FUNCTION = YES;
				GCC_WARN_UNUSED_VARIABLE = YES;
				IPHONEOS_DEPLOYMENT_TARGET = 9.2;
				MTL_ENABLE_DEBUG_INFO = NO;
				SDKROOT = iphoneos;
				TARGETED_DEVICE_FAMILY = "1,2";
				VALIDATE_PRODUCT = YES;
			};
			name = Release;
		};
		CC48796A1C89BFA40001EB25 /* Debug */ = {
			isa = XCBuildConfiguration;
			buildSettings = {
				ASSETCATALOG_COMPILER_APPICON_NAME = AppIcon;
				INFOPLIST_FILE = week5/Info.plist;
				LD_RUNPATH_SEARCH_PATHS = "$(inherited) @executable_path/Frameworks";
				PRODUCT_BUNDLE_IDENTIFIER = nl.mprog.week5;
				PRODUCT_NAME = "$(TARGET_NAME)";
			};
			name = Debug;
		};
		CC48796B1C89BFA40001EB25 /* Release */ = {
			isa = XCBuildConfiguration;
			buildSettings = {
				ASSETCATALOG_COMPILER_APPICON_NAME = AppIcon;
				INFOPLIST_FILE = week5/Info.plist;
				LD_RUNPATH_SEARCH_PATHS = "$(inherited) @executable_path/Frameworks";
				PRODUCT_BUNDLE_IDENTIFIER = nl.mprog.week5;
				PRODUCT_NAME = "$(TARGET_NAME)";
			};
			name = Release;
		};
/* End XCBuildConfiguration section */

/* Begin XCConfigurationList section */
		CC4879501C89BFA30001EB25 /* Build configuration list for PBXProject "week5" */ = {
			isa = XCConfigurationList;
			buildConfigurations = (
				CC4879671C89BFA40001EB25 /* Debug */,
				CC4879681C89BFA40001EB25 /* Release */,
			);
			defaultConfigurationIsVisible = 0;
			defaultConfigurationName = Release;
		};
		CC4879691C89BFA40001EB25 /* Build configuration list for PBXNativeTarget "week5" */ = {
			isa = XCConfigurationList;
			buildConfigurations = (
				CC48796A1C89BFA40001EB25 /* Debug */,
				CC48796B1C89BFA40001EB25 /* Release */,
			);
			defaultConfigurationIsVisible = 0;
		};
/* End XCConfigurationList section */
	};
	rootObject = CC48794D1C89BFA30001EB25 /* Project object */;
}
